// !$*UTF8*$!
{
	archiveVersion = 1;
	classes = {
	};
	objectVersion = 55;
	objects = {

/* Begin PBXBuildFile section */
		248B1DBB289AE81D00AF59F8 /* AppDelegate.swift in Sources */ = {isa = PBXBuildFile; fileRef = 248B1DBA289AE81D00AF59F8 /* AppDelegate.swift */; };
		248B1DBD289AE81D00AF59F8 /* SceneDelegate.swift in Sources */ = {isa = PBXBuildFile; fileRef = 248B1DBC289AE81D00AF59F8 /* SceneDelegate.swift */; };
		248B1DBF289AE81D00AF59F8 /* ViewController.swift in Sources */ = {isa = PBXBuildFile; fileRef = 248B1DBE289AE81D00AF59F8 /* ViewController.swift */; };
		248B1DC2289AE81D00AF59F8 /* Main.storyboard in Resources */ = {isa = PBXBuildFile; fileRef = 248B1DC0289AE81D00AF59F8 /* Main.storyboard */; };
		248B1DC4289AE82000AF59F8 /* Assets.xcassets in Resources */ = {isa = PBXBuildFile; fileRef = 248B1DC3289AE82000AF59F8 /* Assets.xcassets */; };
		248B1DC7289AE82000AF59F8 /* LaunchScreen.storyboard in Resources */ = {isa = PBXBuildFile; fileRef = 248B1DC5289AE82000AF59F8 /* LaunchScreen.storyboard */; };
		248B1DD1289AE88800AF59F8 /* .gitignore in Resources */ = {isa = PBXBuildFile; fileRef = 248B1DD0289AE88800AF59F8 /* .gitignore */; };
		248B1DD4289AE93300AF59F8 /* APIKey.swift in Sources */ = {isa = PBXBuildFile; fileRef = 248B1DD3289AE93300AF59F8 /* APIKey.swift */; };
		24F45DD4289AEB7E004F319F /* TV.swift in Sources */ = {isa = PBXBuildFile; fileRef = 24F45DD3289AEB7E004F319F /* TV.swift */; };
		24F45DD7289AEBB0004F319F /* SearchCollectionViewCell.swift in Sources */ = {isa = PBXBuildFile; fileRef = 24F45DD5289AEBB0004F319F /* SearchCollectionViewCell.swift */; };
		24F45DD8289AEBB0004F319F /* SearchCollectionViewCell.xib in Resources */ = {isa = PBXBuildFile; fileRef = 24F45DD6289AEBB0004F319F /* SearchCollectionViewCell.xib */; };
		24F45DE2289BC937004F319F /* Alamofire in Frameworks */ = {isa = PBXBuildFile; productRef = 24F45DE1289BC937004F319F /* Alamofire */; };
		24F45DE5289BC947004F319F /* SwiftyJSON in Frameworks */ = {isa = PBXBuildFile; productRef = 24F45DE4289BC947004F319F /* SwiftyJSON */; };
		24F45DE8289BC951004F319F /* Kingfisher in Frameworks */ = {isa = PBXBuildFile; productRef = 24F45DE7289BC951004F319F /* Kingfisher */; };
		24F45DEB289BC96A004F319F /* JGProgressHUD in Frameworks */ = {isa = PBXBuildFile; productRef = 24F45DEA289BC96A004F319F /* JGProgressHUD */; };
		24F45DED289BC9F1004F319F /* EndPoint.swift in Sources */ = {isa = PBXBuildFile; fileRef = 24F45DEC289BC9F1004F319F /* EndPoint.swift */; };
		24F45DEF289BCBC2004F319F /* MediaType.swift in Sources */ = {isa = PBXBuildFile; fileRef = 24F45DEE289BCBC2004F319F /* MediaType.swift */; };
		24F45DF1289BCBE6004F319F /* TimeWindow.swift in Sources */ = {isa = PBXBuildFile; fileRef = 24F45DF0289BCBE6004F319F /* TimeWindow.swift */; };
		24F45DF7289BD3F2004F319F /* Constant.swift in Sources */ = {isa = PBXBuildFile; fileRef = 24F45DF6289BD3F2004F319F /* Constant.swift */; };
		24F45DFD289D129D004F319F /* APIManager.swift in Sources */ = {isa = PBXBuildFile; fileRef = 24F45DFC289D129D004F319F /* APIManager.swift */; };
		24F45E01289D1F9D004F319F /* Date+Extension.swift in Sources */ = {isa = PBXBuildFile; fileRef = 24F45E00289D1F9D004F319F /* Date+Extension.swift */; };
		24F45E03289D206E004F319F /* String+Extension.swift in Sources */ = {isa = PBXBuildFile; fileRef = 24F45E02289D206E004F319F /* String+Extension.swift */; };
		24F45E05289D4874004F319F /* Detail.storyboard in Resources */ = {isa = PBXBuildFile; fileRef = 24F45E04289D4874004F319F /* Detail.storyboard */; };
		24F45E09289D4911004F319F /* DetailViewController.swift in Sources */ = {isa = PBXBuildFile; fileRef = 24F45E08289D4911004F319F /* DetailViewController.swift */; };
		24F45E0B289D497D004F319F /* StoryboardName.swift in Sources */ = {isa = PBXBuildFile; fileRef = 24F45E0A289D497D004F319F /* StoryboardName.swift */; };
		24F45E0E289D4B47004F319F /* ReusableViewProtocol.swift in Sources */ = {isa = PBXBuildFile; fileRef = 24F45E0D289D4B47004F319F /* ReusableViewProtocol.swift */; };
		24F45E11289D4BF5004F319F /* DetailTableViewCell.swift in Sources */ = {isa = PBXBuildFile; fileRef = 24F45E0F289D4BF5004F319F /* DetailTableViewCell.swift */; };
		24F45E12289D4BF5004F319F /* DetailTableViewCell.xib in Resources */ = {isa = PBXBuildFile; fileRef = 24F45E10289D4BF5004F319F /* DetailTableViewCell.xib */; };
		24F45E19289D5DD7004F319F /* Cast.swift in Sources */ = {isa = PBXBuildFile; fileRef = 24F45E18289D5DD7004F319F /* Cast.swift */; };
		24F45E1B289D5DDC004F319F /* Crew.swift in Sources */ = {isa = PBXBuildFile; fileRef = 24F45E1A289D5DDC004F319F /* Crew.swift */; };
		24F45E7828A0DD38004F319F /* URL+Extension.swift in Sources */ = {isa = PBXBuildFile; fileRef = 24F45E7728A0DD38004F319F /* URL+Extension.swift */; };
		24F45E7B28A0EDE8004F319F /* OverViewTableViewCell.swift in Sources */ = {isa = PBXBuildFile; fileRef = 24F45E7928A0EDE8004F319F /* OverViewTableViewCell.swift */; };
		24F45E7C28A0EDE8004F319F /* OverViewTableViewCell.xib in Resources */ = {isa = PBXBuildFile; fileRef = 24F45E7A28A0EDE8004F319F /* OverViewTableViewCell.xib */; };
		24F45E8C28A1AB1E004F319F /* WebViewController.swift in Sources */ = {isa = PBXBuildFile; fileRef = 24F45E8B28A1AB1E004F319F /* WebViewController.swift */; };
		24F45E8F28A32B10004F319F /* TrendCollectionViewCell.swift in Sources */ = {isa = PBXBuildFile; fileRef = 24F45E8D28A32B10004F319F /* TrendCollectionViewCell.swift */; };
		24F45E9028A32B10004F319F /* TrendCollectionViewCell.xib in Resources */ = {isa = PBXBuildFile; fileRef = 24F45E8E28A32B10004F319F /* TrendCollectionViewCell.xib */; };
		24F45E9228A32BD3004F319F /* TrendViewController.swift in Sources */ = {isa = PBXBuildFile; fileRef = 24F45E9128A32BD3004F319F /* TrendViewController.swift */; };
		24F45EA428A4281F004F319F /* MainTableViewCell.swift in Sources */ = {isa = PBXBuildFile; fileRef = 24F45EA328A4281F004F319F /* MainTableViewCell.swift */; };
		24F45EAC28A4DB8B004F319F /* Theater.swift in Sources */ = {isa = PBXBuildFile; fileRef = 24F45EAB28A4DB8B004F319F /* Theater.swift */; };
		24F45EAF28A4DC36004F319F /* Theater.storyboard in Resources */ = {isa = PBXBuildFile; fileRef = 24F45EAE28A4DC36004F319F /* Theater.storyboard */; };
		24F45EB128A4DC9D004F319F /* TheaterViewController.swift in Sources */ = {isa = PBXBuildFile; fileRef = 24F45EB028A4DC9D004F319F /* TheaterViewController.swift */; };
/* End PBXBuildFile section */

/* Begin PBXFileReference section */
		248B1DB7289AE81D00AF59F8 /* sesac-trendMedia.app */ = {isa = PBXFileReference; explicitFileType = wrapper.application; includeInIndex = 0; path = "sesac-trendMedia.app"; sourceTree = BUILT_PRODUCTS_DIR; };
		248B1DBA289AE81D00AF59F8 /* AppDelegate.swift */ = {isa = PBXFileReference; lastKnownFileType = sourcecode.swift; path = AppDelegate.swift; sourceTree = "<group>"; };
		248B1DBC289AE81D00AF59F8 /* SceneDelegate.swift */ = {isa = PBXFileReference; lastKnownFileType = sourcecode.swift; path = SceneDelegate.swift; sourceTree = "<group>"; };
		248B1DBE289AE81D00AF59F8 /* ViewController.swift */ = {isa = PBXFileReference; lastKnownFileType = sourcecode.swift; path = ViewController.swift; sourceTree = "<group>"; };
		248B1DC1289AE81D00AF59F8 /* Base */ = {isa = PBXFileReference; lastKnownFileType = file.storyboard; name = Base; path = Base.lproj/Main.storyboard; sourceTree = "<group>"; };
		248B1DC3289AE82000AF59F8 /* Assets.xcassets */ = {isa = PBXFileReference; lastKnownFileType = folder.assetcatalog; path = Assets.xcassets; sourceTree = "<group>"; };
		248B1DC6289AE82000AF59F8 /* Base */ = {isa = PBXFileReference; lastKnownFileType = file.storyboard; name = Base; path = Base.lproj/LaunchScreen.storyboard; sourceTree = "<group>"; };
		248B1DC8289AE82000AF59F8 /* Info.plist */ = {isa = PBXFileReference; lastKnownFileType = text.plist.xml; path = Info.plist; sourceTree = "<group>"; };
		248B1DD0289AE88800AF59F8 /* .gitignore */ = {isa = PBXFileReference; lastKnownFileType = text; path = .gitignore; sourceTree = "<group>"; };
		248B1DD3289AE93300AF59F8 /* APIKey.swift */ = {isa = PBXFileReference; lastKnownFileType = sourcecode.swift; path = APIKey.swift; sourceTree = "<group>"; };
		24F45DD3289AEB7E004F319F /* TV.swift */ = {isa = PBXFileReference; lastKnownFileType = sourcecode.swift; path = TV.swift; sourceTree = "<group>"; };
		24F45DD5289AEBB0004F319F /* SearchCollectionViewCell.swift */ = {isa = PBXFileReference; lastKnownFileType = sourcecode.swift; path = SearchCollectionViewCell.swift; sourceTree = "<group>"; };
		24F45DD6289AEBB0004F319F /* SearchCollectionViewCell.xib */ = {isa = PBXFileReference; lastKnownFileType = file.xib; path = SearchCollectionViewCell.xib; sourceTree = "<group>"; };
		24F45DEC289BC9F1004F319F /* EndPoint.swift */ = {isa = PBXFileReference; lastKnownFileType = sourcecode.swift; path = EndPoint.swift; sourceTree = "<group>"; };
		24F45DEE289BCBC2004F319F /* MediaType.swift */ = {isa = PBXFileReference; lastKnownFileType = sourcecode.swift; path = MediaType.swift; sourceTree = "<group>"; };
		24F45DF0289BCBE6004F319F /* TimeWindow.swift */ = {isa = PBXFileReference; lastKnownFileType = sourcecode.swift; path = TimeWindow.swift; sourceTree = "<group>"; };
		24F45DF6289BD3F2004F319F /* Constant.swift */ = {isa = PBXFileReference; lastKnownFileType = sourcecode.swift; path = Constant.swift; sourceTree = "<group>"; };
		24F45DFC289D129D004F319F /* APIManager.swift */ = {isa = PBXFileReference; lastKnownFileType = sourcecode.swift; path = APIManager.swift; sourceTree = "<group>"; };
		24F45E00289D1F9D004F319F /* Date+Extension.swift */ = {isa = PBXFileReference; lastKnownFileType = sourcecode.swift; path = "Date+Extension.swift"; sourceTree = "<group>"; };
		24F45E02289D206E004F319F /* String+Extension.swift */ = {isa = PBXFileReference; lastKnownFileType = sourcecode.swift; path = "String+Extension.swift"; sourceTree = "<group>"; };
		24F45E04289D4874004F319F /* Detail.storyboard */ = {isa = PBXFileReference; lastKnownFileType = file.storyboard; path = Detail.storyboard; sourceTree = "<group>"; };
		24F45E08289D4911004F319F /* DetailViewController.swift */ = {isa = PBXFileReference; lastKnownFileType = sourcecode.swift; path = DetailViewController.swift; sourceTree = "<group>"; };
		24F45E0A289D497D004F319F /* StoryboardName.swift */ = {isa = PBXFileReference; lastKnownFileType = sourcecode.swift; path = StoryboardName.swift; sourceTree = "<group>"; };
		24F45E0D289D4B47004F319F /* ReusableViewProtocol.swift */ = {isa = PBXFileReference; lastKnownFileType = sourcecode.swift; path = ReusableViewProtocol.swift; sourceTree = "<group>"; };
		24F45E0F289D4BF5004F319F /* DetailTableViewCell.swift */ = {isa = PBXFileReference; lastKnownFileType = sourcecode.swift; path = DetailTableViewCell.swift; sourceTree = "<group>"; };
		24F45E10289D4BF5004F319F /* DetailTableViewCell.xib */ = {isa = PBXFileReference; lastKnownFileType = file.xib; path = DetailTableViewCell.xib; sourceTree = "<group>"; };
		24F45E18289D5DD7004F319F /* Cast.swift */ = {isa = PBXFileReference; lastKnownFileType = sourcecode.swift; path = Cast.swift; sourceTree = "<group>"; };
		24F45E1A289D5DDC004F319F /* Crew.swift */ = {isa = PBXFileReference; lastKnownFileType = sourcecode.swift; path = Crew.swift; sourceTree = "<group>"; };
		24F45E7728A0DD38004F319F /* URL+Extension.swift */ = {isa = PBXFileReference; lastKnownFileType = sourcecode.swift; path = "URL+Extension.swift"; sourceTree = "<group>"; };
		24F45E7928A0EDE8004F319F /* OverViewTableViewCell.swift */ = {isa = PBXFileReference; lastKnownFileType = sourcecode.swift; path = OverViewTableViewCell.swift; sourceTree = "<group>"; };
		24F45E7A28A0EDE8004F319F /* OverViewTableViewCell.xib */ = {isa = PBXFileReference; lastKnownFileType = file.xib; path = OverViewTableViewCell.xib; sourceTree = "<group>"; };
		24F45E8B28A1AB1E004F319F /* WebViewController.swift */ = {isa = PBXFileReference; lastKnownFileType = sourcecode.swift; path = WebViewController.swift; sourceTree = "<group>"; };
		24F45E8D28A32B10004F319F /* TrendCollectionViewCell.swift */ = {isa = PBXFileReference; lastKnownFileType = sourcecode.swift; path = TrendCollectionViewCell.swift; sourceTree = "<group>"; };
		24F45E8E28A32B10004F319F /* TrendCollectionViewCell.xib */ = {isa = PBXFileReference; lastKnownFileType = file.xib; path = TrendCollectionViewCell.xib; sourceTree = "<group>"; };
		24F45E9128A32BD3004F319F /* TrendViewController.swift */ = {isa = PBXFileReference; lastKnownFileType = sourcecode.swift; path = TrendViewController.swift; sourceTree = "<group>"; };
		24F45EA328A4281F004F319F /* MainTableViewCell.swift */ = {isa = PBXFileReference; lastKnownFileType = sourcecode.swift; path = MainTableViewCell.swift; sourceTree = "<group>"; };
		24F45EAB28A4DB8B004F319F /* Theater.swift */ = {isa = PBXFileReference; lastKnownFileType = sourcecode.swift; path = Theater.swift; sourceTree = "<group>"; };
		24F45EAE28A4DC36004F319F /* Theater.storyboard */ = {isa = PBXFileReference; lastKnownFileType = file.storyboard; path = Theater.storyboard; sourceTree = "<group>"; };
		24F45EB028A4DC9D004F319F /* TheaterViewController.swift */ = {isa = PBXFileReference; lastKnownFileType = sourcecode.swift; path = TheaterViewController.swift; sourceTree = "<group>"; };
/* End PBXFileReference section */

/* Begin PBXFrameworksBuildPhase section */
		248B1DB4289AE81D00AF59F8 /* Frameworks */ = {
			isa = PBXFrameworksBuildPhase;
			buildActionMask = 2147483647;
			files = (
				24F45DEB289BC96A004F319F /* JGProgressHUD in Frameworks */,
				24F45DE8289BC951004F319F /* Kingfisher in Frameworks */,
				24F45DE5289BC947004F319F /* SwiftyJSON in Frameworks */,
				24F45DE2289BC937004F319F /* Alamofire in Frameworks */,
			);
			runOnlyForDeploymentPostprocessing = 0;
		};
/* End PBXFrameworksBuildPhase section */

/* Begin PBXGroup section */
		248B1DAE289AE81D00AF59F8 = {
			isa = PBXGroup;
			children = (
				248B1DD0289AE88800AF59F8 /* .gitignore */,
				248B1DB9289AE81D00AF59F8 /* sesac-trendMedia */,
				248B1DB8289AE81D00AF59F8 /* Products */,
			);
			sourceTree = "<group>";
		};
		248B1DB8289AE81D00AF59F8 /* Products */ = {
			isa = PBXGroup;
			children = (
				248B1DB7289AE81D00AF59F8 /* sesac-trendMedia.app */,
			);
			name = Products;
			sourceTree = "<group>";
		};
		248B1DB9289AE81D00AF59F8 /* sesac-trendMedia */ = {
			isa = PBXGroup;
			children = (
				248B1DCE289AE82B00AF59F8 /* Application */,
				24F45DFE289D1F84004F319F /* Utils */,
				24F45DCD289AEB1F004F319F /* Scenes */,
				248B1DCF289AE83700AF59F8 /* Resource */,
			);
			path = "sesac-trendMedia";
			sourceTree = "<group>";
		};
		248B1DCE289AE82B00AF59F8 /* Application */ = {
			isa = PBXGroup;
			children = (
				248B1DBA289AE81D00AF59F8 /* AppDelegate.swift */,
				248B1DBC289AE81D00AF59F8 /* SceneDelegate.swift */,
			);
			path = Application;
			sourceTree = "<group>";
		};
		248B1DCF289AE83700AF59F8 /* Resource */ = {
			isa = PBXGroup;
			children = (
				248B1DC5289AE82000AF59F8 /* LaunchScreen.storyboard */,
				248B1DC3289AE82000AF59F8 /* Assets.xcassets */,
				248B1DC8289AE82000AF59F8 /* Info.plist */,
			);
			path = Resource;
			sourceTree = "<group>";
		};
		248B1DD2289AE90C00AF59F8 /* Constant */ = {
			isa = PBXGroup;
			children = (
				248B1DD3289AE93300AF59F8 /* APIKey.swift */,
				24F45DEC289BC9F1004F319F /* EndPoint.swift */,
				24F45DEE289BCBC2004F319F /* MediaType.swift */,
				24F45DF0289BCBE6004F319F /* TimeWindow.swift */,
				24F45DF6289BD3F2004F319F /* Constant.swift */,
				24F45E0A289D497D004F319F /* StoryboardName.swift */,
			);
			path = Constant;
			sourceTree = "<group>";
		};
		24F45DCD289AEB1F004F319F /* Scenes */ = {
			isa = PBXGroup;
			children = (
				24F45E0C289D4B3C004F319F /* Protocols */,
				24F45DFB289D1295004F319F /* APIManager */,
				24F45DCE289AEB26004F319F /* Search */,
				24F45DF2289BCCFA004F319F /* Detail */,
				24F45EA728A4DB4A004F319F /* Theater */,
			);
			path = Scenes;
			sourceTree = "<group>";
		};
		24F45DCE289AEB26004F319F /* Search */ = {
			isa = PBXGroup;
			children = (
				24F45DCF289AEB2C004F319F /* Model */,
				24F45DD0289AEB30004F319F /* View */,
				24F45DD1289AEB3E004F319F /* Controller */,
			);
			path = Search;
			sourceTree = "<group>";
		};
		24F45DCF289AEB2C004F319F /* Model */ = {
			isa = PBXGroup;
			children = (
				24F45DD3289AEB7E004F319F /* TV.swift */,
			);
			path = Model;
			sourceTree = "<group>";
		};
		24F45DD0289AEB30004F319F /* View */ = {
			isa = PBXGroup;
			children = (
				24F45DD2289AEB49004F319F /* Storyboard */,
				24F45DD5289AEBB0004F319F /* SearchCollectionViewCell.swift */,
				24F45DD6289AEBB0004F319F /* SearchCollectionViewCell.xib */,
				24F45E8D28A32B10004F319F /* TrendCollectionViewCell.swift */,
				24F45E8E28A32B10004F319F /* TrendCollectionViewCell.xib */,
				24F45EA328A4281F004F319F /* MainTableViewCell.swift */,
			);
			path = View;
			sourceTree = "<group>";
		};
		24F45DD1289AEB3E004F319F /* Controller */ = {
			isa = PBXGroup;
			children = (
				248B1DBE289AE81D00AF59F8 /* ViewController.swift */,
				24F45E9128A32BD3004F319F /* TrendViewController.swift */,
				24F45E8B28A1AB1E004F319F /* WebViewController.swift */,
			);
			path = Controller;
			sourceTree = "<group>";
		};
		24F45DD2289AEB49004F319F /* Storyboard */ = {
			isa = PBXGroup;
			children = (
				248B1DC0289AE81D00AF59F8 /* Main.storyboard */,
			);
			path = Storyboard;
			sourceTree = "<group>";
		};
		24F45DF2289BCCFA004F319F /* Detail */ = {
			isa = PBXGroup;
			children = (
				24F45E17289D5DC5004F319F /* Model */,
				24F45E06289D48FA004F319F /* View */,
				24F45E07289D4905004F319F /* Controller */,
			);
			path = Detail;
			sourceTree = "<group>";
		};
		24F45DF3289BCD00004F319F /* Storyboard */ = {
			isa = PBXGroup;
			children = (
				24F45E04289D4874004F319F /* Detail.storyboard */,
			);
			path = Storyboard;
			sourceTree = "<group>";
		};
		24F45DFB289D1295004F319F /* APIManager */ = {
			isa = PBXGroup;
			children = (
				24F45DFC289D129D004F319F /* APIManager.swift */,
			);
			path = APIManager;
			sourceTree = "<group>";
		};
		24F45DFE289D1F84004F319F /* Utils */ = {
			isa = PBXGroup;
			children = (
				248B1DD2289AE90C00AF59F8 /* Constant */,
				24F45DFF289D1F91004F319F /* Extension */,
			);
			path = Utils;
			sourceTree = "<group>";
		};
		24F45DFF289D1F91004F319F /* Extension */ = {
			isa = PBXGroup;
			children = (
				24F45E00289D1F9D004F319F /* Date+Extension.swift */,
				24F45E02289D206E004F319F /* String+Extension.swift */,
				24F45E7728A0DD38004F319F /* URL+Extension.swift */,
			);
			path = Extension;
			sourceTree = "<group>";
		};
		24F45E06289D48FA004F319F /* View */ = {
			isa = PBXGroup;
			children = (
				24F45DF3289BCD00004F319F /* Storyboard */,
				24F45E0F289D4BF5004F319F /* DetailTableViewCell.swift */,
				24F45E10289D4BF5004F319F /* DetailTableViewCell.xib */,
				24F45E7928A0EDE8004F319F /* OverViewTableViewCell.swift */,
				24F45E7A28A0EDE8004F319F /* OverViewTableViewCell.xib */,
			);
			path = View;
			sourceTree = "<group>";
		};
		24F45E07289D4905004F319F /* Controller */ = {
			isa = PBXGroup;
			children = (
				24F45E08289D4911004F319F /* DetailViewController.swift */,
			);
			path = Controller;
			sourceTree = "<group>";
		};
		24F45E0C289D4B3C004F319F /* Protocols */ = {
			isa = PBXGroup;
			children = (
				24F45E0D289D4B47004F319F /* ReusableViewProtocol.swift */,
			);
			path = Protocols;
			sourceTree = "<group>";
		};
		24F45E17289D5DC5004F319F /* Model */ = {
			isa = PBXGroup;
			children = (
				24F45E18289D5DD7004F319F /* Cast.swift */,
				24F45E1A289D5DDC004F319F /* Crew.swift */,
			);
			path = Model;
			sourceTree = "<group>";
		};
		24F45EA728A4DB4A004F319F /* Theater */ = {
			isa = PBXGroup;
			children = (
				24F45EAA28A4DB73004F319F /* Model */,
				24F45EA928A4DB71004F319F /* View */,
				24F45EA828A4DB6E004F319F /* Controller */,
			);
			path = Theater;
			sourceTree = "<group>";
		};
		24F45EA828A4DB6E004F319F /* Controller */ = {
			isa = PBXGroup;
			children = (
				24F45EB028A4DC9D004F319F /* TheaterViewController.swift */,
			);
			path = Controller;
			sourceTree = "<group>";
		};
		24F45EA928A4DB71004F319F /* View */ = {
			isa = PBXGroup;
			children = (
				24F45EAD28A4DC2A004F319F /* Storyboard */,
			);
			path = View;
			sourceTree = "<group>";
		};
		24F45EAA28A4DB73004F319F /* Model */ = {
			isa = PBXGroup;
			children = (
				24F45EAB28A4DB8B004F319F /* Theater.swift */,
			);
			path = Model;
			sourceTree = "<group>";
		};
		24F45EAD28A4DC2A004F319F /* Storyboard */ = {
			isa = PBXGroup;
			children = (
				24F45EAE28A4DC36004F319F /* Theater.storyboard */,
			);
			path = Storyboard;
			sourceTree = "<group>";
		};
/* End PBXGroup section */

/* Begin PBXNativeTarget section */
		248B1DB6289AE81D00AF59F8 /* sesac-trendMedia */ = {
			isa = PBXNativeTarget;
			buildConfigurationList = 248B1DCB289AE82000AF59F8 /* Build configuration list for PBXNativeTarget "sesac-trendMedia" */;
			buildPhases = (
				248B1DB3289AE81D00AF59F8 /* Sources */,
				248B1DB4289AE81D00AF59F8 /* Frameworks */,
				248B1DB5289AE81D00AF59F8 /* Resources */,
			);
			buildRules = (
			);
			dependencies = (
			);
			name = "sesac-trendMedia";
			packageProductDependencies = (
				24F45DE1289BC937004F319F /* Alamofire */,
				24F45DE4289BC947004F319F /* SwiftyJSON */,
				24F45DE7289BC951004F319F /* Kingfisher */,
				24F45DEA289BC96A004F319F /* JGProgressHUD */,
			);
			productName = "sesac-trendMedia";
			productReference = 248B1DB7289AE81D00AF59F8 /* sesac-trendMedia.app */;
			productType = "com.apple.product-type.application";
		};
/* End PBXNativeTarget section */

/* Begin PBXProject section */
		248B1DAF289AE81D00AF59F8 /* Project object */ = {
			isa = PBXProject;
			attributes = {
				BuildIndependentTargetsInParallel = 1;
				LastSwiftUpdateCheck = 1330;
				LastUpgradeCheck = 1330;
				TargetAttributes = {
					248B1DB6289AE81D00AF59F8 = {
						CreatedOnToolsVersion = 13.3.1;
					};
				};
			};
			buildConfigurationList = 248B1DB2289AE81D00AF59F8 /* Build configuration list for PBXProject "sesac-trendMedia" */;
			compatibilityVersion = "Xcode 13.0";
			developmentRegion = en;
			hasScannedForEncodings = 0;
			knownRegions = (
				en,
				Base,
			);
			mainGroup = 248B1DAE289AE81D00AF59F8;
			packageReferences = (
				24F45DE0289BC937004F319F /* XCRemoteSwiftPackageReference "Alamofire" */,
				24F45DE3289BC947004F319F /* XCRemoteSwiftPackageReference "SwiftyJSON" */,
				24F45DE6289BC951004F319F /* XCRemoteSwiftPackageReference "Kingfisher" */,
				24F45DE9289BC96A004F319F /* XCRemoteSwiftPackageReference "JGProgressHUD" */,
			);
			productRefGroup = 248B1DB8289AE81D00AF59F8 /* Products */;
			projectDirPath = "";
			projectRoot = "";
			targets = (
				248B1DB6289AE81D00AF59F8 /* sesac-trendMedia */,
			);
		};
/* End PBXProject section */

/* Begin PBXResourcesBuildPhase section */
		248B1DB5289AE81D00AF59F8 /* Resources */ = {
			isa = PBXResourcesBuildPhase;
			buildActionMask = 2147483647;
			files = (
				248B1DD1289AE88800AF59F8 /* .gitignore in Resources */,
				248B1DC7289AE82000AF59F8 /* LaunchScreen.storyboard in Resources */,
				24F45DD8289AEBB0004F319F /* SearchCollectionViewCell.xib in Resources */,
				248B1DC4289AE82000AF59F8 /* Assets.xcassets in Resources */,
				24F45E7C28A0EDE8004F319F /* OverViewTableViewCell.xib in Resources */,
				248B1DC2289AE81D00AF59F8 /* Main.storyboard in Resources */,
				24F45EAF28A4DC36004F319F /* Theater.storyboard in Resources */,
				24F45E12289D4BF5004F319F /* DetailTableViewCell.xib in Resources */,
				24F45E05289D4874004F319F /* Detail.storyboard in Resources */,
				24F45E9028A32B10004F319F /* TrendCollectionViewCell.xib in Resources */,
			);
			runOnlyForDeploymentPostprocessing = 0;
		};
/* End PBXResourcesBuildPhase section */

/* Begin PBXSourcesBuildPhase section */
		248B1DB3289AE81D00AF59F8 /* Sources */ = {
			isa = PBXSourcesBuildPhase;
			buildActionMask = 2147483647;
			files = (
				248B1DBF289AE81D00AF59F8 /* ViewController.swift in Sources */,
				24F45E11289D4BF5004F319F /* DetailTableViewCell.swift in Sources */,
				248B1DBB289AE81D00AF59F8 /* AppDelegate.swift in Sources */,
				24F45DD7289AEBB0004F319F /* SearchCollectionViewCell.swift in Sources */,
				24F45DF1289BCBE6004F319F /* TimeWindow.swift in Sources */,
				24F45E7828A0DD38004F319F /* URL+Extension.swift in Sources */,
				24F45DFD289D129D004F319F /* APIManager.swift in Sources */,
				24F45E7B28A0EDE8004F319F /* OverViewTableViewCell.swift in Sources */,
				24F45E0E289D4B47004F319F /* ReusableViewProtocol.swift in Sources */,
				24F45EA428A4281F004F319F /* MainTableViewCell.swift in Sources */,
				24F45E8F28A32B10004F319F /* TrendCollectionViewCell.swift in Sources */,
				24F45E1B289D5DDC004F319F /* Crew.swift in Sources */,
				24F45E01289D1F9D004F319F /* Date+Extension.swift in Sources */,
				24F45E0B289D497D004F319F /* StoryboardName.swift in Sources */,
				24F45E03289D206E004F319F /* String+Extension.swift in Sources */,
				24F45EAC28A4DB8B004F319F /* Theater.swift in Sources */,
				24F45E8C28A1AB1E004F319F /* WebViewController.swift in Sources */,
				24F45E19289D5DD7004F319F /* Cast.swift in Sources */,
				24F45E9228A32BD3004F319F /* TrendViewController.swift in Sources */,
				24F45DD4289AEB7E004F319F /* TV.swift in Sources */,
				24F45DEF289BCBC2004F319F /* MediaType.swift in Sources */,
				248B1DD4289AE93300AF59F8 /* APIKey.swift in Sources */,
				24F45DF7289BD3F2004F319F /* Constant.swift in Sources */,
				24F45DED289BC9F1004F319F /* EndPoint.swift in Sources */,
				24F45EB128A4DC9D004F319F /* TheaterViewController.swift in Sources */,
				248B1DBD289AE81D00AF59F8 /* SceneDelegate.swift in Sources */,
				24F45E09289D4911004F319F /* DetailViewController.swift in Sources */,
			);
			runOnlyForDeploymentPostprocessing = 0;
		};
/* End PBXSourcesBuildPhase section */

/* Begin PBXVariantGroup section */
		248B1DC0289AE81D00AF59F8 /* Main.storyboard */ = {
			isa = PBXVariantGroup;
			children = (
				248B1DC1289AE81D00AF59F8 /* Base */,
			);
			name = Main.storyboard;
			sourceTree = "<group>";
		};
		248B1DC5289AE82000AF59F8 /* LaunchScreen.storyboard */ = {
			isa = PBXVariantGroup;
			children = (
				248B1DC6289AE82000AF59F8 /* Base */,
			);
			name = LaunchScreen.storyboard;
			sourceTree = "<group>";
		};
/* End PBXVariantGroup section */

/* Begin XCBuildConfiguration section */
		248B1DC9289AE82000AF59F8 /* Debug */ = {
			isa = XCBuildConfiguration;
			buildSettings = {
				ALWAYS_SEARCH_USER_PATHS = NO;
				CLANG_ANALYZER_NONNULL = YES;
				CLANG_ANALYZER_NUMBER_OBJECT_CONVERSION = YES_AGGRESSIVE;
				CLANG_CXX_LANGUAGE_STANDARD = "gnu++17";
				CLANG_ENABLE_MODULES = YES;
				CLANG_ENABLE_OBJC_ARC = YES;
				CLANG_ENABLE_OBJC_WEAK = YES;
				CLANG_WARN_BLOCK_CAPTURE_AUTORELEASING = YES;
				CLANG_WARN_BOOL_CONVERSION = YES;
				CLANG_WARN_COMMA = YES;
				CLANG_WARN_CONSTANT_CONVERSION = YES;
				CLANG_WARN_DEPRECATED_OBJC_IMPLEMENTATIONS = YES;
				CLANG_WARN_DIRECT_OBJC_ISA_USAGE = YES_ERROR;
				CLANG_WARN_DOCUMENTATION_COMMENTS = YES;
				CLANG_WARN_EMPTY_BODY = YES;
				CLANG_WARN_ENUM_CONVERSION = YES;
				CLANG_WARN_INFINITE_RECURSION = YES;
				CLANG_WARN_INT_CONVERSION = YES;
				CLANG_WARN_NON_LITERAL_NULL_CONVERSION = YES;
				CLANG_WARN_OBJC_IMPLICIT_RETAIN_SELF = YES;
				CLANG_WARN_OBJC_LITERAL_CONVERSION = YES;
				CLANG_WARN_OBJC_ROOT_CLASS = YES_ERROR;
				CLANG_WARN_QUOTED_INCLUDE_IN_FRAMEWORK_HEADER = YES;
				CLANG_WARN_RANGE_LOOP_ANALYSIS = YES;
				CLANG_WARN_STRICT_PROTOTYPES = YES;
				CLANG_WARN_SUSPICIOUS_MOVE = YES;
				CLANG_WARN_UNGUARDED_AVAILABILITY = YES_AGGRESSIVE;
				CLANG_WARN_UNREACHABLE_CODE = YES;
				CLANG_WARN__DUPLICATE_METHOD_MATCH = YES;
				COPY_PHASE_STRIP = NO;
				DEBUG_INFORMATION_FORMAT = dwarf;
				ENABLE_STRICT_OBJC_MSGSEND = YES;
				ENABLE_TESTABILITY = YES;
				GCC_C_LANGUAGE_STANDARD = gnu11;
				GCC_DYNAMIC_NO_PIC = NO;
				GCC_NO_COMMON_BLOCKS = YES;
				GCC_OPTIMIZATION_LEVEL = 0;
				GCC_PREPROCESSOR_DEFINITIONS = (
					"DEBUG=1",
					"$(inherited)",
				);
				GCC_WARN_64_TO_32_BIT_CONVERSION = YES;
				GCC_WARN_ABOUT_RETURN_TYPE = YES_ERROR;
				GCC_WARN_UNDECLARED_SELECTOR = YES;
				GCC_WARN_UNINITIALIZED_AUTOS = YES_AGGRESSIVE;
				GCC_WARN_UNUSED_FUNCTION = YES;
				GCC_WARN_UNUSED_VARIABLE = YES;
				IPHONEOS_DEPLOYMENT_TARGET = 15.4;
				MTL_ENABLE_DEBUG_INFO = INCLUDE_SOURCE;
				MTL_FAST_MATH = YES;
				ONLY_ACTIVE_ARCH = YES;
				SDKROOT = iphoneos;
				SWIFT_ACTIVE_COMPILATION_CONDITIONS = DEBUG;
				SWIFT_OPTIMIZATION_LEVEL = "-Onone";
			};
			name = Debug;
		};
		248B1DCA289AE82000AF59F8 /* Release */ = {
			isa = XCBuildConfiguration;
			buildSettings = {
				ALWAYS_SEARCH_USER_PATHS = NO;
				CLANG_ANALYZER_NONNULL = YES;
				CLANG_ANALYZER_NUMBER_OBJECT_CONVERSION = YES_AGGRESSIVE;
				CLANG_CXX_LANGUAGE_STANDARD = "gnu++17";
				CLANG_ENABLE_MODULES = YES;
				CLANG_ENABLE_OBJC_ARC = YES;
				CLANG_ENABLE_OBJC_WEAK = YES;
				CLANG_WARN_BLOCK_CAPTURE_AUTORELEASING = YES;
				CLANG_WARN_BOOL_CONVERSION = YES;
				CLANG_WARN_COMMA = YES;
				CLANG_WARN_CONSTANT_CONVERSION = YES;
				CLANG_WARN_DEPRECATED_OBJC_IMPLEMENTATIONS = YES;
				CLANG_WARN_DIRECT_OBJC_ISA_USAGE = YES_ERROR;
				CLANG_WARN_DOCUMENTATION_COMMENTS = YES;
				CLANG_WARN_EMPTY_BODY = YES;
				CLANG_WARN_ENUM_CONVERSION = YES;
				CLANG_WARN_INFINITE_RECURSION = YES;
				CLANG_WARN_INT_CONVERSION = YES;
				CLANG_WARN_NON_LITERAL_NULL_CONVERSION = YES;
				CLANG_WARN_OBJC_IMPLICIT_RETAIN_SELF = YES;
				CLANG_WARN_OBJC_LITERAL_CONVERSION = YES;
				CLANG_WARN_OBJC_ROOT_CLASS = YES_ERROR;
				CLANG_WARN_QUOTED_INCLUDE_IN_FRAMEWORK_HEADER = YES;
				CLANG_WARN_RANGE_LOOP_ANALYSIS = YES;
				CLANG_WARN_STRICT_PROTOTYPES = YES;
				CLANG_WARN_SUSPICIOUS_MOVE = YES;
				CLANG_WARN_UNGUARDED_AVAILABILITY = YES_AGGRESSIVE;
				CLANG_WARN_UNREACHABLE_CODE = YES;
				CLANG_WARN__DUPLICATE_METHOD_MATCH = YES;
				COPY_PHASE_STRIP = NO;
				DEBUG_INFORMATION_FORMAT = "dwarf-with-dsym";
				ENABLE_NS_ASSERTIONS = NO;
				ENABLE_STRICT_OBJC_MSGSEND = YES;
				GCC_C_LANGUAGE_STANDARD = gnu11;
				GCC_NO_COMMON_BLOCKS = YES;
				GCC_WARN_64_TO_32_BIT_CONVERSION = YES;
				GCC_WARN_ABOUT_RETURN_TYPE = YES_ERROR;
				GCC_WARN_UNDECLARED_SELECTOR = YES;
				GCC_WARN_UNINITIALIZED_AUTOS = YES_AGGRESSIVE;
				GCC_WARN_UNUSED_FUNCTION = YES;
				GCC_WARN_UNUSED_VARIABLE = YES;
				IPHONEOS_DEPLOYMENT_TARGET = 15.4;
				MTL_ENABLE_DEBUG_INFO = NO;
				MTL_FAST_MATH = YES;
				SDKROOT = iphoneos;
				SWIFT_COMPILATION_MODE = wholemodule;
				SWIFT_OPTIMIZATION_LEVEL = "-O";
				VALIDATE_PRODUCT = YES;
			};
			name = Release;
		};
		248B1DCC289AE82000AF59F8 /* Debug */ = {
			isa = XCBuildConfiguration;
			buildSettings = {
				ASSETCATALOG_COMPILER_APPICON_NAME = AppIcon;
				ASSETCATALOG_COMPILER_GLOBAL_ACCENT_COLOR_NAME = AccentColor;
				CODE_SIGN_STYLE = Automatic;
				CURRENT_PROJECT_VERSION = 1;
				DEVELOPMENT_TEAM = GZCWDPJJ9Z;
				GENERATE_INFOPLIST_FILE = YES;
				INFOPLIST_FILE = "sesac-trendMedia/Resource/Info.plist";
				INFOPLIST_KEY_NSLocationWhenInUseUsageDescription = "사용자의 현재 위치 기반으로 주변의 영화관 정보를 보여주기 위해서 권한이 필요합니다.";
				INFOPLIST_KEY_UIApplicationSupportsIndirectInputEvents = YES;
				INFOPLIST_KEY_UILaunchStoryboardName = LaunchScreen;
				INFOPLIST_KEY_UIMainStoryboardFile = Theater;
				INFOPLIST_KEY_UISupportedInterfaceOrientations_iPad = "UIInterfaceOrientationPortrait UIInterfaceOrientationPortraitUpsideDown UIInterfaceOrientationLandscapeLeft UIInterfaceOrientationLandscapeRight";
				INFOPLIST_KEY_UISupportedInterfaceOrientations_iPhone = "UIInterfaceOrientationPortrait UIInterfaceOrientationLandscapeLeft UIInterfaceOrientationLandscapeRight";
				LD_RUNPATH_SEARCH_PATHS = (
					"$(inherited)",
					"@executable_path/Frameworks",
				);
				MARKETING_VERSION = 1.0;
				PRODUCT_BUNDLE_IDENTIFIER = "com.minseong.sesac-trendMedia";
				PRODUCT_NAME = "$(TARGET_NAME)";
				SWIFT_EMIT_LOC_STRINGS = YES;
				SWIFT_VERSION = 5.0;
				TARGETED_DEVICE_FAMILY = "1,2";
			};
			name = Debug;
		};
		248B1DCD289AE82000AF59F8 /* Release */ = {
			isa = XCBuildConfiguration;
			buildSettings = {
				ASSETCATALOG_COMPILER_APPICON_NAME = AppIcon;
				ASSETCATALOG_COMPILER_GLOBAL_ACCENT_COLOR_NAME = AccentColor;
				CODE_SIGN_STYLE = Automatic;
				CURRENT_PROJECT_VERSION = 1;
				DEVELOPMENT_TEAM = GZCWDPJJ9Z;
				GENERATE_INFOPLIST_FILE = YES;
				INFOPLIST_FILE = "sesac-trendMedia/Resource/Info.plist";
				INFOPLIST_KEY_NSLocationWhenInUseUsageDescription = "사용자의 현재 위치 기반으로 주변의 영화관 정보를 보여주기 위해서 권한이 필요합니다.";
				INFOPLIST_KEY_UIApplicationSupportsIndirectInputEvents = YES;
				INFOPLIST_KEY_UILaunchStoryboardName = LaunchScreen;
				INFOPLIST_KEY_UIMainStoryboardFile = Theater;
				INFOPLIST_KEY_UISupportedInterfaceOrientations_iPad = "UIInterfaceOrientationPortrait UIInterfaceOrientationPortraitUpsideDown UIInterfaceOrientationLandscapeLeft UIInterfaceOrientationLandscapeRight";
				INFOPLIST_KEY_UISupportedInterfaceOrientations_iPhone = "UIInterfaceOrientationPortrait UIInterfaceOrientationLandscapeLeft UIInterfaceOrientationLandscapeRight";
				LD_RUNPATH_SEARCH_PATHS = (
					"$(inherited)",
					"@executable_path/Frameworks",
				);
				MARKETING_VERSION = 1.0;
				PRODUCT_BUNDLE_IDENTIFIER = "com.minseong.sesac-trendMedia";
				PRODUCT_NAME = "$(TARGET_NAME)";
				SWIFT_EMIT_LOC_STRINGS = YES;
				SWIFT_VERSION = 5.0;
				TARGETED_DEVICE_FAMILY = "1,2";
			};
			name = Release;
		};
/* End XCBuildConfiguration section */

/* Begin XCConfigurationList section */
		248B1DB2289AE81D00AF59F8 /* Build configuration list for PBXProject "sesac-trendMedia" */ = {
			isa = XCConfigurationList;
			buildConfigurations = (
				248B1DC9289AE82000AF59F8 /* Debug */,
				248B1DCA289AE82000AF59F8 /* Release */,
			);
			defaultConfigurationIsVisible = 0;
			defaultConfigurationName = Release;
		};
		248B1DCB289AE82000AF59F8 /* Build configuration list for PBXNativeTarget "sesac-trendMedia" */ = {
			isa = XCConfigurationList;
			buildConfigurations = (
				248B1DCC289AE82000AF59F8 /* Debug */,
				248B1DCD289AE82000AF59F8 /* Release */,
			);
			defaultConfigurationIsVisible = 0;
			defaultConfigurationName = Release;
		};
/* End XCConfigurationList section */

/* Begin XCRemoteSwiftPackageReference section */
		24F45DE0289BC937004F319F /* XCRemoteSwiftPackageReference "Alamofire" */ = {
			isa = XCRemoteSwiftPackageReference;
			repositoryURL = "https://github.com/Alamofire/Alamofire";
			requirement = {
				kind = upToNextMajorVersion;
				minimumVersion = 5.0.0;
			};
		};
		24F45DE3289BC947004F319F /* XCRemoteSwiftPackageReference "SwiftyJSON" */ = {
			isa = XCRemoteSwiftPackageReference;
			repositoryURL = "https://github.com/SwiftyJSON/SwiftyJSON";
			requirement = {
				kind = upToNextMajorVersion;
				minimumVersion = 5.0.0;
			};
		};
		24F45DE6289BC951004F319F /* XCRemoteSwiftPackageReference "Kingfisher" */ = {
			isa = XCRemoteSwiftPackageReference;
			repositoryURL = "https://github.com/onevcat/Kingfisher.git";
			requirement = {
				kind = upToNextMajorVersion;
				minimumVersion = 7.0.0;
			};
		};
		24F45DE9289BC96A004F319F /* XCRemoteSwiftPackageReference "JGProgressHUD" */ = {
			isa = XCRemoteSwiftPackageReference;
			repositoryURL = "https://github.com/JonasGessner/JGProgressHUD";
			requirement = {
				kind = upToNextMajorVersion;
				minimumVersion = 2.0.0;
			};
		};
/* End XCRemoteSwiftPackageReference section */

/* Begin XCSwiftPackageProductDependency section */
		24F45DE1289BC937004F319F /* Alamofire */ = {
			isa = XCSwiftPackageProductDependency;
			package = 24F45DE0289BC937004F319F /* XCRemoteSwiftPackageReference "Alamofire" */;
			productName = Alamofire;
		};
		24F45DE4289BC947004F319F /* SwiftyJSON */ = {
			isa = XCSwiftPackageProductDependency;
			package = 24F45DE3289BC947004F319F /* XCRemoteSwiftPackageReference "SwiftyJSON" */;
			productName = SwiftyJSON;
		};
		24F45DE7289BC951004F319F /* Kingfisher */ = {
			isa = XCSwiftPackageProductDependency;
			package = 24F45DE6289BC951004F319F /* XCRemoteSwiftPackageReference "Kingfisher" */;
			productName = Kingfisher;
		};
		24F45DEA289BC96A004F319F /* JGProgressHUD */ = {
			isa = XCSwiftPackageProductDependency;
			package = 24F45DE9289BC96A004F319F /* XCRemoteSwiftPackageReference "JGProgressHUD" */;
			productName = JGProgressHUD;
		};
/* End XCSwiftPackageProductDependency section */
	};
	rootObject = 248B1DAF289AE81D00AF59F8 /* Project object */;
}
